
Microsoft Visual Studio Solution File, Format Version 12.00
# Visual Studio Version 16
VisualStudioVersion = 16.0.30621.155
MinimumVisualStudioVersion = 10.0.40219.1
Project("{FAE04EC0-301F-11D3-BF4B-00C04F79EFBC}") = "DG.SAP.TBRIntegration", "DG.SAP.TBRIntegration\DG.SAP.TBRIntegration.csproj", "{35AD2452-0CED-49CB-BBEF-C3D1EA9DF562}"
EndProject
Global
	GlobalSection(SolutionConfigurationPlatforms) = preSolution
		Debug|Any CPU = Debug|Any CPU
		Release|Any CPU = Release|Any CPU
	EndGlobalSection
	GlobalSection(ProjectConfigurationPlatforms) = postSolution
		{35AD2452-0CED-49CB-BBEF-C3D1EA9DF562}.Debug|Any CPU.ActiveCfg = Debug|Any CPU
		{35AD2452-0CED-49CB-BBEF-C3D1EA9DF562}.Debug|Any CPU.Build.0 = Debug|Any CPU
		{35AD2452-0CED-49CB-BBEF-C3D1EA9DF562}.Release|Any CPU.ActiveCfg = Release|Any CPU
		{35AD2452-0CED-49CB-BBEF-C3D1EA9DF562}.Release|Any CPU.Build.0 = Release|Any CPU
	EndGlobalSection
	GlobalSection(SolutionProperties) = preSolution
		HideSolutionNode = FALSE
	EndGlobalSection
	GlobalSection(ExtensibilityGlobals) = postSolution
		SolutionGuid = {D36B4C8F-A829-489C-8CD5-098A7F7BCC52}
	EndGlobalSection
EndGlobal
